
Microsoft Visual Studio Solution File, Format Version 11.00
# Visual Studio 2010
Project("{8BC9CEB8-8B4A-11D0-8D11-00A0C91BC942}") = "EibNet", "EibNet.vcxproj", "{26BBC2F9-1B99-415B-AEF4-2D9F909B33DC}"
EndProject
Project("{8BC9CEB8-8B4A-11D0-8D11-00A0C91BC942}") = "DeviceIO", "..\..\Library\DeviceIO\DeviceIO.vcxproj", "{A60809F1-641F-4ED7-9128-C41E7A6A9580}"
EndProject
Project("{8BC9CEB8-8B4A-11D0-8D11-00A0C91BC942}") = "m2ortl", "..\..\Modula2\m2ortl\m2ortl.vcxproj", "{332A033A-AF35-4573-83CB-A19E643D5845}"
EndProject
Project("{8BC9CEB8-8B4A-11D0-8D11-00A0C91BC942}") = "m2rtl", "..\..\Modula2\m2rtl\m2rtl.vcxproj", "{8995D229-D00F-4F29-B235-14249D391D21}"
EndProject
Project("{8BC9CEB8-8B4A-11D0-8D11-00A0C91BC942}") = "CWDriver", "..\..\Library\CWDriver\CWDriver.vcxproj", "{C9960D6E-4A25-4781-BD91-E95AB34AFA79}"
EndProject
Project("{8BC9CEB8-8B4A-11D0-8D11-00A0C91BC942}") = "ActiveX", "..\..\Library\ActiveX\ActiveX.vcxproj", "{57418949-0922-46EC-824B-ED7B59897F4C}"
EndProject
Project("{8BC9CEB8-8B4A-11D0-8D11-00A0C91BC942}") = "eibnetdrv", "..\eibnetdrv\eibnetdrv.vcxproj", "{0A80509F-245D-4AAF-8D4F-30DC816C9FB4}"
EndProject
Project("{8BC9CEB8-8B4A-11D0-8D11-00A0C91BC942}") = "Threading", "..\..\Library\Threading\Threading.vcxproj", "{97C30A53-92E2-4179-B0A0-A740E2FDD762}"
EndProject
Project("{8BC9CEB8-8B4A-11D0-8D11-00A0C91BC942}") = "Network", "..\..\Library\Network\Network.vcxproj", "{1E0EB821-155B-4B83-83F7-A0588ED642B1}"
EndProject
Project("{8BC9CEB8-8B4A-11D0-8D11-00A0C91BC942}") = "Core", "..\..\Licensing\Core\Core.vcxproj", "{B55A0CAC-6957-409F-8C01-A086E0F43252}"
EndProject
Project("{8BC9CEB8-8B4A-11D0-8D11-00A0C91BC942}") = "discover", "..\..\KNX\discover\discover.vcxproj", "{A4E1F8BC-399C-4F82-A5E7-10B3E65B49CB}"
EndProject
Project("{8BC9CEB8-8B4A-11D0-8D11-00A0C91BC942}") = "knxstack_knxnet", "..\..\KNX\knxstack_knxnet\knxstack_knxnet.vcxproj", "{68491BCF-C70E-4959-B5A2-814082292E38}"
EndProject
Project("{8BC9CEB8-8B4A-11D0-8D11-00A0C91BC942}") = "knxstack", "..\..\KNX\knxstack\knxstack.vcxproj", "{C1F073B8-081A-49B4-9EFD-4312D1A23D6A}"
EndProject
Project("{8BC9CEB8-8B4A-11D0-8D11-00A0C91BC942}") = "knxcore", "..\..\KNX\knxcore\knxcore.vcxproj", "{5C7D065B-3A9C-40BE-850B-BC9913EA13B3}"
EndProject
Project("{8BC9CEB8-8B4A-11D0-8D11-00A0C91BC942}") = "checkcfg", "..\..\KNX\checkcfg\checkcfg.vcxproj", "{80BDF909-10EA-43BE-837F-B433DA67FE70}"
EndProject
Project("{8BC9CEB8-8B4A-11D0-8D11-00A0C91BC942}") = "CCSuppFunc", "..\..\API\CCSuppFunc\CCSuppFunc.vcxproj", "{70BDC764-6FA8-4CA8-B728-C0C999747851}"
EndProject
Project("{8BC9CEB8-8B4A-11D0-8D11-00A0C91BC942}") = "Text", "..\..\Library\Text\Text.vcxproj", "{6B0CFB37-444C-41F6-A62A-4EEEEDB5968C}"
EndProject
Global
	GlobalSection(SolutionConfigurationPlatforms) = preSolution
		Debug|Win32 = Debug|Win32
		Debug|x64 = Debug|x64
		Release|Win32 = Release|Win32
		Release|x64 = Release|x64
	EndGlobalSection
	GlobalSection(ProjectConfigurationPlatforms) = postSolution
		{26BBC2F9-1B99-415B-AEF4-2D9F909B33DC}.Debug|Win32.ActiveCfg = Debug|Win32
		{26BBC2F9-1B99-415B-AEF4-2D9F909B33DC}.Debug|Win32.Build.0 = Debug|Win32
		{26BBC2F9-1B99-415B-AEF4-2D9F909B33DC}.Debug|x64.ActiveCfg = Debug|Win32
		{26BBC2F9-1B99-415B-AEF4-2D9F909B33DC}.Release|Win32.ActiveCfg = Release|Win32
		{26BBC2F9-1B99-415B-AEF4-2D9F909B33DC}.Release|Win32.Build.0 = Release|Win32
		{26BBC2F9-1B99-415B-AEF4-2D9F909B33DC}.Release|x64.ActiveCfg = Release|Win32
		{A60809F1-641F-4ED7-9128-C41E7A6A9580}.Debug|Win32.ActiveCfg = Debug|Win32
		{A60809F1-641F-4ED7-9128-C41E7A6A9580}.Debug|Win32.Build.0 = Debug|Win32
		{A60809F1-641F-4ED7-9128-C41E7A6A9580}.Debug|x64.ActiveCfg = Debug|x64
		{A60809F1-641F-4ED7-9128-C41E7A6A9580}.Debug|x64.Build.0 = Debug|x64
		{A60809F1-641F-4ED7-9128-C41E7A6A9580}.Release|Win32.ActiveCfg = Release|Win32
		{A60809F1-641F-4ED7-9128-C41E7A6A9580}.Release|Win32.Build.0 = Release|Win32
		{A60809F1-641F-4ED7-9128-C41E7A6A9580}.Release|x64.ActiveCfg = Release|x64
		{A60809F1-641F-4ED7-9128-C41E7A6A9580}.Release|x64.Build.0 = Release|x64
		{332A033A-AF35-4573-83CB-A19E643D5845}.Debug|Win32.ActiveCfg = Debug|Win32
		{332A033A-AF35-4573-83CB-A19E643D5845}.Debug|Win32.Build.0 = Debug|Win32
		{332A033A-AF35-4573-83CB-A19E643D5845}.Debug|x64.ActiveCfg = Debug|x64
		{332A033A-AF35-4573-83CB-A19E643D5845}.Debug|x64.Build.0 = Debug|x64
		{332A033A-AF35-4573-83CB-A19E643D5845}.Release|Win32.ActiveCfg = Release|Win32
		{332A033A-AF35-4573-83CB-A19E643D5845}.Release|Win32.Build.0 = Release|Win32
		{332A033A-AF35-4573-83CB-A19E643D5845}.Release|x64.ActiveCfg = Release|x64
		{332A033A-AF35-4573-83CB-A19E643D5845}.Release|x64.Build.0 = Release|x64
		{8995D229-D00F-4F29-B235-14249D391D21}.Debug|Win32.ActiveCfg = Debug|Win32
		{8995D229-D00F-4F29-B235-14249D391D21}.Debug|Win32.Build.0 = Debug|Win32
		{8995D229-D00F-4F29-B235-14249D391D21}.Debug|x64.ActiveCfg = Debug|x64
		{8995D229-D00F-4F29-B235-14249D391D21}.Debug|x64.Build.0 = Debug|x64
		{8995D229-D00F-4F29-B235-14249D391D21}.Release|Win32.ActiveCfg = Release|Win32
		{8995D229-D00F-4F29-B235-14249D391D21}.Release|Win32.Build.0 = Release|Win32
		{8995D229-D00F-4F29-B235-14249D391D21}.Release|x64.ActiveCfg = Release|x64
		{8995D229-D00F-4F29-B235-14249D391D21}.Release|x64.Build.0 = Release|x64
		{C9960D6E-4A25-4781-BD91-E95AB34AFA79}.Debug|Win32.ActiveCfg = Debug|Win32
		{C9960D6E-4A25-4781-BD91-E95AB34AFA79}.Debug|Win32.Build.0 = Debug|Win32
		{C9960D6E-4A25-4781-BD91-E95AB34AFA79}.Debug|x64.ActiveCfg = Debug|x64
		{C9960D6E-4A25-4781-BD91-E95AB34AFA79}.Debug|x64.Build.0 = Debug|x64
		{C9960D6E-4A25-4781-BD91-E95AB34AFA79}.Release|Win32.ActiveCfg = Release|Win32
		{C9960D6E-4A25-4781-BD91-E95AB34AFA79}.Release|Win32.Build.0 = Release|Win32
		{C9960D6E-4A25-4781-BD91-E95AB34AFA79}.Release|x64.ActiveCfg = Release|x64
		{C9960D6E-4A25-4781-BD91-E95AB34AFA79}.Release|x64.Build.0 = Release|x64
		{57418949-0922-46EC-824B-ED7B59897F4C}.Debug|Win32.ActiveCfg = Debug|Win32
		{57418949-0922-46EC-824B-ED7B59897F4C}.Debug|Win32.Build.0 = Debug|Win32
		{57418949-0922-46EC-824B-ED7B59897F4C}.Debug|x64.ActiveCfg = Debug|Win32
		{57418949-0922-46EC-824B-ED7B59897F4C}.Release|Win32.ActiveCfg = Release|Win32
		{57418949-0922-46EC-824B-ED7B59897F4C}.Release|Win32.Build.0 = Release|Win32
		{57418949-0922-46EC-824B-ED7B59897F4C}.Release|x64.ActiveCfg = Release|Win32
		{0A80509F-245D-4AAF-8D4F-30DC816C9FB4}.Debug|Win32.ActiveCfg = Debug|Win32
		{0A80509F-245D-4AAF-8D4F-30DC816C9FB4}.Debug|Win32.Build.0 = Debug|Win32
		{0A80509F-245D-4AAF-8D4F-30DC816C9FB4}.Debug|x64.ActiveCfg = Debug|Win32
		{0A80509F-245D-4AAF-8D4F-30DC816C9FB4}.Release|Win32.ActiveCfg = Release|Win32
		{0A80509F-245D-4AAF-8D4F-30DC816C9FB4}.Release|Win32.Build.0 = Release|Win32
		{0A80509F-245D-4AAF-8D4F-30DC816C9FB4}.Release|x64.ActiveCfg = Release|Win32
		{97C30A53-92E2-4179-B0A0-A740E2FDD762}.Debug|Win32.ActiveCfg = Debug|Win32
		{97C30A53-92E2-4179-B0A0-A740E2FDD762}.Debug|Win32.Build.0 = Debug|Win32
		{97C30A53-92E2-4179-B0A0-A740E2FDD762}.Debug|x64.ActiveCfg = Debug|x64
		{97C30A53-92E2-4179-B0A0-A740E2FDD762}.Debug|x64.Build.0 = Debug|x64
		{97C30A53-92E2-4179-B0A0-A740E2FDD762}.Release|Win32.ActiveCfg = Release|Win32
		{97C30A53-92E2-4179-B0A0-A740E2FDD762}.Release|Win32.Build.0 = Release|Win32
		{97C30A53-92E2-4179-B0A0-A740E2FDD762}.Release|x64.ActiveCfg = Release|x64
		{97C30A53-92E2-4179-B0A0-A740E2FDD762}.Release|x64.Build.0 = Release|x64
		{1E0EB821-155B-4B83-83F7-A0588ED642B1}.Debug|Win32.ActiveCfg = Debug|Win32
		{1E0EB821-155B-4B83-83F7-A0588ED642B1}.Debug|Win32.Build.0 = Debug|Win32
		{1E0EB821-155B-4B83-83F7-A0588ED642B1}.Debug|x64.ActiveCfg = Debug|x64
		{1E0EB821-155B-4B83-83F7-A0588ED642B1}.Debug|x64.Build.0 = Debug|x64
		{1E0EB821-155B-4B83-83F7-A0588ED642B1}.Release|Win32.ActiveCfg = Release|Win32
		{1E0EB821-155B-4B83-83F7-A0588ED642B1}.Release|Win32.Build.0 = Release|Win32
		{1E0EB821-155B-4B83-83F7-A0588ED642B1}.Release|x64.ActiveCfg = Release|x64
		{1E0EB821-155B-4B83-83F7-A0588ED642B1}.Release|x64.Build.0 = Release|x64
		{B55A0CAC-6957-409F-8C01-A086E0F43252}.Debug|Win32.ActiveCfg = Debug|Win32
		{B55A0CAC-6957-409F-8C01-A086E0F43252}.Debug|Win32.Build.0 = Debug|Win32
		{B55A0CAC-6957-409F-8C01-A086E0F43252}.Debug|x64.ActiveCfg = Debug|Win32
		{B55A0CAC-6957-409F-8C01-A086E0F43252}.Release|Win32.ActiveCfg = Release|Win32
		{B55A0CAC-6957-409F-8C01-A086E0F43252}.Release|Win32.Build.0 = Release|Win32
		{B55A0CAC-6957-409F-8C01-A086E0F43252}.Release|x64.ActiveCfg = Release|Win32
		{A4E1F8BC-399C-4F82-A5E7-10B3E65B49CB}.Debug|Win32.ActiveCfg = Debug|Win32
		{A4E1F8BC-399C-4F82-A5E7-10B3E65B49CB}.Debug|Win32.Build.0 = Debug|Win32
		{A4E1F8BC-399C-4F82-A5E7-10B3E65B49CB}.Debug|x64.ActiveCfg = Debug|x64
		{A4E1F8BC-399C-4F82-A5E7-10B3E65B49CB}.Debug|x64.Build.0 = Debug|x64
		{A4E1F8BC-399C-4F82-A5E7-10B3E65B49CB}.Release|Win32.ActiveCfg = Release|Win32
		{A4E1F8BC-399C-4F82-A5E7-10B3E65B49CB}.Release|Win32.Build.0 = Release|Win32
		{A4E1F8BC-399C-4F82-A5E7-10B3E65B49CB}.Release|x64.ActiveCfg = Release|x64
		{A4E1F8BC-399C-4F82-A5E7-10B3E65B49CB}.Release|x64.Build.0 = Release|x64
		{68491BCF-C70E-4959-B5A2-814082292E38}.Debug|Win32.ActiveCfg = Debug|Win32
		{68491BCF-C70E-4959-B5A2-814082292E38}.Debug|Win32.Build.0 = Debug|Win32
		{68491BCF-C70E-4959-B5A2-814082292E38}.Debug|x64.ActiveCfg = Debug|x64
		{68491BCF-C70E-4959-B5A2-814082292E38}.Debug|x64.Build.0 = Debug|x64
		{68491BCF-C70E-4959-B5A2-814082292E38}.Release|Win32.ActiveCfg = Release|Win32
		{68491BCF-C70E-4959-B5A2-814082292E38}.Release|Win32.Build.0 = Release|Win32
		{68491BCF-C70E-4959-B5A2-814082292E38}.Release|x64.ActiveCfg = Release|x64
		{68491BCF-C70E-4959-B5A2-814082292E38}.Release|x64.Build.0 = Release|x64
		{C1F073B8-081A-49B4-9EFD-4312D1A23D6A}.Debug|Win32.ActiveCfg = Debug|Win32
		{C1F073B8-081A-49B4-9EFD-4312D1A23D6A}.Debug|Win32.Build.0 = Debug|Win32
		{C1F073B8-081A-49B4-9EFD-4312D1A23D6A}.Debug|x64.ActiveCfg = Debug|x64
		{C1F073B8-081A-49B4-9EFD-4312D1A23D6A}.Debug|x64.Build.0 = Debug|x64
		{C1F073B8-081A-49B4-9EFD-4312D1A23D6A}.Release|Win32.ActiveCfg = Release|Win32
		{C1F073B8-081A-49B4-9EFD-4312D1A23D6A}.Release|Win32.Build.0 = Release|Win32
		{C1F073B8-081A-49B4-9EFD-4312D1A23D6A}.Release|x64.ActiveCfg = Release|x64
		{C1F073B8-081A-49B4-9EFD-4312D1A23D6A}.Release|x64.Build.0 = Release|x64
		{5C7D065B-3A9C-40BE-850B-BC9913EA13B3}.Debug|Win32.ActiveCfg = Debug|Win32
		{5C7D065B-3A9C-40BE-850B-BC9913EA13B3}.Debug|Win32.Build.0 = Debug|Win32
		{5C7D065B-3A9C-40BE-850B-BC9913EA13B3}.Debug|x64.ActiveCfg = Debug|x64
		{5C7D065B-3A9C-40BE-850B-BC9913EA13B3}.Debug|x64.Build.0 = Debug|x64
		{5C7D065B-3A9C-40BE-850B-BC9913EA13B3}.Release|Win32.ActiveCfg = Release|Win32
		{5C7D065B-3A9C-40BE-850B-BC9913EA13B3}.Release|Win32.Build.0 = Release|Win32
		{5C7D065B-3A9C-40BE-850B-BC9913EA13B3}.Release|x64.ActiveCfg = Release|x64
		{5C7D065B-3A9C-40BE-850B-BC9913EA13B3}.Release|x64.Build.0 = Release|x64
		{80BDF909-10EA-43BE-837F-B433DA67FE70}.Debug|Win32.ActiveCfg = Debug|Win32
		{80BDF909-10EA-43BE-837F-B433DA67FE70}.Debug|Win32.Build.0 = Debug|Win32
		{80BDF909-10EA-43BE-837F-B433DA67FE70}.Debug|x64.ActiveCfg = Debug|x64
		{80BDF909-10EA-43BE-837F-B433DA67FE70}.Debug|x64.Build.0 = Debug|x64
		{80BDF909-10EA-43BE-837F-B433DA67FE70}.Release|Win32.ActiveCfg = Release|Win32
		{80BDF909-10EA-43BE-837F-B433DA67FE70}.Release|Win32.Build.0 = Release|Win32
		{80BDF909-10EA-43BE-837F-B433DA67FE70}.Release|x64.ActiveCfg = Release|x64
		{80BDF909-10EA-43BE-837F-B433DA67FE70}.Release|x64.Build.0 = Release|x64
		{70BDC764-6FA8-4CA8-B728-C0C999747851}.Debug|Win32.ActiveCfg = Debug|Win32
		{70BDC764-6FA8-4CA8-B728-C0C999747851}.Debug|Win32.Build.0 = Debug|Win32
		{70BDC764-6FA8-4CA8-B728-C0C999747851}.Debug|x64.ActiveCfg = Debug|x64
		{70BDC764-6FA8-4CA8-B728-C0C999747851}.Debug|x64.Build.0 = Debug|x64
		{70BDC764-6FA8-4CA8-B728-C0C999747851}.Release|Win32.ActiveCfg = Release|Win32
		{70BDC764-6FA8-4CA8-B728-C0C999747851}.Release|Win32.Build.0 = Release|Win32
		{70BDC764-6FA8-4CA8-B728-C0C999747851}.Release|x64.ActiveCfg = Release|x64
		{70BDC764-6FA8-4CA8-B728-C0C999747851}.Release|x64.Build.0 = Release|x64
		{6B0CFB37-444C-41F6-A62A-4EEEEDB5968C}.Debug|Win32.ActiveCfg = Debug|Win32
		{6B0CFB37-444C-41F6-A62A-4EEEEDB5968C}.Debug|Win32.Build.0 = Debug|Win32
		{6B0CFB37-444C-41F6-A62A-4EEEEDB5968C}.Debug|x64.ActiveCfg = Debug|x64
		{6B0CFB37-444C-41F6-A62A-4EEEEDB5968C}.Debug|x64.Build.0 = Debug|x64
		{6B0CFB37-444C-41F6-A62A-4EEEEDB5968C}.Release|Win32.ActiveCfg = Release|Win32
		{6B0CFB37-444C-41F6-A62A-4EEEEDB5968C}.Release|Win32.Build.0 = Release|Win32
		{6B0CFB37-444C-41F6-A62A-4EEEEDB5968C}.Release|x64.ActiveCfg = Release|x64
		{6B0CFB37-444C-41F6-A62A-4EEEEDB5968C}.Release|x64.Build.0 = Release|x64
	EndGlobalSection
	GlobalSection(SolutionProperties) = preSolution
		HideSolutionNode = FALSE
	EndGlobalSection
	GlobalSection(TextTemplating) = postSolution
		TextTemplating = 1
	EndGlobalSection
EndGlobal
