
Microsoft Visual Studio Solution File, Format Version 9.00
# Visual Studio 2005
Project("{8BC9CEB8-8B4A-11D0-8D11-00A0C91BC942}") = "DevSDAPBridgeSvc", "DevSDAPBridgeSvc.vcproj", "{6FD15983-21B4-472D-B9A6-850EA888DB90}"
	ProjectSection(WebsiteProperties) = preProject
		Debug.AspNetCompiler.Debug = "True"
		Release.AspNetCompiler.Debug = "False"
	EndProjectSection
EndProject
Project("{8BC9CEB8-8B4A-11D0-8D11-00A0C91BC942}") = "DeviceIOSDAPBridge", "..\DeviceIOSDAPBridge\DeviceIOSDAPBridge.vcproj", "{E057E01E-5040-4335-82BD-6CD36A174008}"
	ProjectSection(WebsiteProperties) = preProject
		Debug.AspNetCompiler.Debug = "True"
		Release.AspNetCompiler.Debug = "False"
	EndProjectSection
EndProject
Project("{8BC9CEB8-8B4A-11D0-8D11-00A0C91BC942}") = "StiebelHP", "..\..\DeviceIO\StiebelHP\StiebelHP.vcproj", "{110D6346-F1BD-4EC9-A0CF-E86C8B14EB1B}"
	ProjectSection(WebsiteProperties) = preProject
		Debug.AspNetCompiler.Debug = "True"
		Release.AspNetCompiler.Debug = "False"
	EndProjectSection
EndProject
Project("{8BC9CEB8-8B4A-11D0-8D11-00A0C91BC942}") = "DeviceIO", "..\..\Library\DeviceIO\DeviceIO.vcproj", "{A60809F1-641F-4ED7-9128-C41E7A6A9580}"
	ProjectSection(WebsiteProperties) = preProject
		Debug.AspNetCompiler.Debug = "True"
		Release.AspNetCompiler.Debug = "False"
	EndProjectSection
EndProject
Global
	GlobalSection(SolutionConfigurationPlatforms) = preSolution
		Debug|Win32 = Debug|Win32
		Release|Win32 = Release|Win32
	EndGlobalSection
	GlobalSection(ProjectConfigurationPlatforms) = postSolution
		{6FD15983-21B4-472D-B9A6-850EA888DB90}.Debug|Win32.ActiveCfg = Debug|Win32
		{6FD15983-21B4-472D-B9A6-850EA888DB90}.Debug|Win32.Build.0 = Debug|Win32
		{6FD15983-21B4-472D-B9A6-850EA888DB90}.Release|Win32.ActiveCfg = Release|Win32
		{6FD15983-21B4-472D-B9A6-850EA888DB90}.Release|Win32.Build.0 = Release|Win32
		{E057E01E-5040-4335-82BD-6CD36A174008}.Debug|Win32.ActiveCfg = Debug|Win32
		{E057E01E-5040-4335-82BD-6CD36A174008}.Debug|Win32.Build.0 = Debug|Win32
		{E057E01E-5040-4335-82BD-6CD36A174008}.Release|Win32.ActiveCfg = Release|Win32
		{E057E01E-5040-4335-82BD-6CD36A174008}.Release|Win32.Build.0 = Release|Win32
		{110D6346-F1BD-4EC9-A0CF-E86C8B14EB1B}.Debug|Win32.ActiveCfg = Debug|Win32
		{110D6346-F1BD-4EC9-A0CF-E86C8B14EB1B}.Debug|Win32.Build.0 = Debug|Win32
		{110D6346-F1BD-4EC9-A0CF-E86C8B14EB1B}.Release|Win32.ActiveCfg = Release|Win32
		{110D6346-F1BD-4EC9-A0CF-E86C8B14EB1B}.Release|Win32.Build.0 = Release|Win32
		{A60809F1-641F-4ED7-9128-C41E7A6A9580}.Debug|Win32.ActiveCfg = Debug|Win32
		{A60809F1-641F-4ED7-9128-C41E7A6A9580}.Debug|Win32.Build.0 = Debug|Win32
		{A60809F1-641F-4ED7-9128-C41E7A6A9580}.Release|Win32.ActiveCfg = Release|Win32
		{A60809F1-641F-4ED7-9128-C41E7A6A9580}.Release|Win32.Build.0 = Release|Win32
	EndGlobalSection
	GlobalSection(SolutionProperties) = preSolution
		HideSolutionNode = FALSE
	EndGlobalSection
EndGlobal
