
Microsoft Visual Studio Solution File, Format Version 12.00
# Visual Studio 2012
Project("{8BC9CEB8-8B4A-11D0-8D11-00A0C91BC942}") = "m2rtl", "..\Modula2\m2rtl\m2rtl.vcxproj", "{8995D229-D00F-4F29-B235-14249D391D21}"
EndProject
Project("{8BC9CEB8-8B4A-11D0-8D11-00A0C91BC942}") = "MouseTracker", "MouseTracker\MouseTracker.vcxproj", "{8BCE4D79-CDEA-4AC7-A62D-601C17D517A0}"
EndProject
Project("{8BC9CEB8-8B4A-11D0-8D11-00A0C91BC942}") = "CCSuppFunc", "..\API\CCSuppFunc\CCSuppFunc.vcxproj", "{70BDC764-6FA8-4CA8-B728-C0C999747851}"
EndProject
Project("{8BC9CEB8-8B4A-11D0-8D11-00A0C91BC942}") = "m2ortl", "..\Modula2\m2ortl\m2ortl.vcxproj", "{332A033A-AF35-4573-83CB-A19E643D5845}"
EndProject
Project("{8BC9CEB8-8B4A-11D0-8D11-00A0C91BC942}") = "Text", "..\Library\Text\Text.vcxproj", "{6B0CFB37-444C-41F6-A62A-4EEEEDB5968C}"
EndProject
Project("{8BC9CEB8-8B4A-11D0-8D11-00A0C91BC942}") = "Threading", "..\Library\Threading\Threading.vcxproj", "{97C30A53-92E2-4179-B0A0-A740E2FDD762}"
EndProject
Project("{8BC9CEB8-8B4A-11D0-8D11-00A0C91BC942}") = "ADT", "..\Library\ADT\ADT.vcxproj", "{EE84C683-65A3-4321-BBA5-7392D3357B32}"
EndProject
Project("{FAE04EC0-301F-11D3-BF4B-00C04F79EFBC}") = "MouseAnalyzer", "ConsoleApplication1\MouseAnalyzer.csproj", "{6E3E682A-80DE-46E9-9B74-D83D8E3419AD}"
EndProject
Global
	GlobalSection(SolutionConfigurationPlatforms) = preSolution
		Debug|Any CPU = Debug|Any CPU
		Debug|Mixed Platforms = Debug|Mixed Platforms
		Debug|Win32 = Debug|Win32
		Release|Any CPU = Release|Any CPU
		Release|Mixed Platforms = Release|Mixed Platforms
		Release|Win32 = Release|Win32
	EndGlobalSection
	GlobalSection(ProjectConfigurationPlatforms) = postSolution
		{8995D229-D00F-4F29-B235-14249D391D21}.Debug|Any CPU.ActiveCfg = Debug|Win32
		{8995D229-D00F-4F29-B235-14249D391D21}.Debug|Mixed Platforms.ActiveCfg = Debug|Win32
		{8995D229-D00F-4F29-B235-14249D391D21}.Debug|Mixed Platforms.Build.0 = Debug|Win32
		{8995D229-D00F-4F29-B235-14249D391D21}.Debug|Win32.ActiveCfg = Debug|Win32
		{8995D229-D00F-4F29-B235-14249D391D21}.Debug|Win32.Build.0 = Debug|Win32
		{8995D229-D00F-4F29-B235-14249D391D21}.Release|Any CPU.ActiveCfg = Release|Win32
		{8995D229-D00F-4F29-B235-14249D391D21}.Release|Mixed Platforms.ActiveCfg = Release|Win32
		{8995D229-D00F-4F29-B235-14249D391D21}.Release|Mixed Platforms.Build.0 = Release|Win32
		{8995D229-D00F-4F29-B235-14249D391D21}.Release|Win32.ActiveCfg = Release|Win32
		{8995D229-D00F-4F29-B235-14249D391D21}.Release|Win32.Build.0 = Release|Win32
		{8BCE4D79-CDEA-4AC7-A62D-601C17D517A0}.Debug|Any CPU.ActiveCfg = Debug|Win32
		{8BCE4D79-CDEA-4AC7-A62D-601C17D517A0}.Debug|Mixed Platforms.ActiveCfg = Debug|Win32
		{8BCE4D79-CDEA-4AC7-A62D-601C17D517A0}.Debug|Mixed Platforms.Build.0 = Debug|Win32
		{8BCE4D79-CDEA-4AC7-A62D-601C17D517A0}.Debug|Win32.ActiveCfg = Debug|Win32
		{8BCE4D79-CDEA-4AC7-A62D-601C17D517A0}.Debug|Win32.Build.0 = Debug|Win32
		{8BCE4D79-CDEA-4AC7-A62D-601C17D517A0}.Release|Any CPU.ActiveCfg = Release|Win32
		{8BCE4D79-CDEA-4AC7-A62D-601C17D517A0}.Release|Mixed Platforms.ActiveCfg = Release|Win32
		{8BCE4D79-CDEA-4AC7-A62D-601C17D517A0}.Release|Mixed Platforms.Build.0 = Release|Win32
		{8BCE4D79-CDEA-4AC7-A62D-601C17D517A0}.Release|Win32.ActiveCfg = Release|Win32
		{8BCE4D79-CDEA-4AC7-A62D-601C17D517A0}.Release|Win32.Build.0 = Release|Win32
		{70BDC764-6FA8-4CA8-B728-C0C999747851}.Debug|Any CPU.ActiveCfg = Debug|Win32
		{70BDC764-6FA8-4CA8-B728-C0C999747851}.Debug|Mixed Platforms.ActiveCfg = Debug|Win32
		{70BDC764-6FA8-4CA8-B728-C0C999747851}.Debug|Mixed Platforms.Build.0 = Debug|Win32
		{70BDC764-6FA8-4CA8-B728-C0C999747851}.Debug|Win32.ActiveCfg = Debug|Win32
		{70BDC764-6FA8-4CA8-B728-C0C999747851}.Debug|Win32.Build.0 = Debug|Win32
		{70BDC764-6FA8-4CA8-B728-C0C999747851}.Release|Any CPU.ActiveCfg = Release|Win32
		{70BDC764-6FA8-4CA8-B728-C0C999747851}.Release|Mixed Platforms.ActiveCfg = Release|Win32
		{70BDC764-6FA8-4CA8-B728-C0C999747851}.Release|Mixed Platforms.Build.0 = Release|Win32
		{70BDC764-6FA8-4CA8-B728-C0C999747851}.Release|Win32.ActiveCfg = Release|Win32
		{70BDC764-6FA8-4CA8-B728-C0C999747851}.Release|Win32.Build.0 = Release|Win32
		{332A033A-AF35-4573-83CB-A19E643D5845}.Debug|Any CPU.ActiveCfg = Debug|Win32
		{332A033A-AF35-4573-83CB-A19E643D5845}.Debug|Mixed Platforms.ActiveCfg = Debug|Win32
		{332A033A-AF35-4573-83CB-A19E643D5845}.Debug|Mixed Platforms.Build.0 = Debug|Win32
		{332A033A-AF35-4573-83CB-A19E643D5845}.Debug|Win32.ActiveCfg = Debug|Win32
		{332A033A-AF35-4573-83CB-A19E643D5845}.Debug|Win32.Build.0 = Debug|Win32
		{332A033A-AF35-4573-83CB-A19E643D5845}.Release|Any CPU.ActiveCfg = Release|Win32
		{332A033A-AF35-4573-83CB-A19E643D5845}.Release|Mixed Platforms.ActiveCfg = Release|Win32
		{332A033A-AF35-4573-83CB-A19E643D5845}.Release|Mixed Platforms.Build.0 = Release|Win32
		{332A033A-AF35-4573-83CB-A19E643D5845}.Release|Win32.ActiveCfg = Release|Win32
		{332A033A-AF35-4573-83CB-A19E643D5845}.Release|Win32.Build.0 = Release|Win32
		{6B0CFB37-444C-41F6-A62A-4EEEEDB5968C}.Debug|Any CPU.ActiveCfg = Debug|Win32
		{6B0CFB37-444C-41F6-A62A-4EEEEDB5968C}.Debug|Mixed Platforms.ActiveCfg = Debug|Win32
		{6B0CFB37-444C-41F6-A62A-4EEEEDB5968C}.Debug|Mixed Platforms.Build.0 = Debug|Win32
		{6B0CFB37-444C-41F6-A62A-4EEEEDB5968C}.Debug|Win32.ActiveCfg = Debug|Win32
		{6B0CFB37-444C-41F6-A62A-4EEEEDB5968C}.Debug|Win32.Build.0 = Debug|Win32
		{6B0CFB37-444C-41F6-A62A-4EEEEDB5968C}.Release|Any CPU.ActiveCfg = Release|Win32
		{6B0CFB37-444C-41F6-A62A-4EEEEDB5968C}.Release|Mixed Platforms.ActiveCfg = Release|Win32
		{6B0CFB37-444C-41F6-A62A-4EEEEDB5968C}.Release|Mixed Platforms.Build.0 = Release|Win32
		{6B0CFB37-444C-41F6-A62A-4EEEEDB5968C}.Release|Win32.ActiveCfg = Release|Win32
		{6B0CFB37-444C-41F6-A62A-4EEEEDB5968C}.Release|Win32.Build.0 = Release|Win32
		{97C30A53-92E2-4179-B0A0-A740E2FDD762}.Debug|Any CPU.ActiveCfg = Debug|Win32
		{97C30A53-92E2-4179-B0A0-A740E2FDD762}.Debug|Mixed Platforms.ActiveCfg = Debug|Win32
		{97C30A53-92E2-4179-B0A0-A740E2FDD762}.Debug|Mixed Platforms.Build.0 = Debug|Win32
		{97C30A53-92E2-4179-B0A0-A740E2FDD762}.Debug|Win32.ActiveCfg = Debug|Win32
		{97C30A53-92E2-4179-B0A0-A740E2FDD762}.Debug|Win32.Build.0 = Debug|Win32
		{97C30A53-92E2-4179-B0A0-A740E2FDD762}.Release|Any CPU.ActiveCfg = Release|Win32
		{97C30A53-92E2-4179-B0A0-A740E2FDD762}.Release|Mixed Platforms.ActiveCfg = Release|Win32
		{97C30A53-92E2-4179-B0A0-A740E2FDD762}.Release|Mixed Platforms.Build.0 = Release|Win32
		{97C30A53-92E2-4179-B0A0-A740E2FDD762}.Release|Win32.ActiveCfg = Release|Win32
		{97C30A53-92E2-4179-B0A0-A740E2FDD762}.Release|Win32.Build.0 = Release|Win32
		{EE84C683-65A3-4321-BBA5-7392D3357B32}.Debug|Any CPU.ActiveCfg = Debug|Win32
		{EE84C683-65A3-4321-BBA5-7392D3357B32}.Debug|Mixed Platforms.ActiveCfg = Debug|Win32
		{EE84C683-65A3-4321-BBA5-7392D3357B32}.Debug|Mixed Platforms.Build.0 = Debug|Win32
		{EE84C683-65A3-4321-BBA5-7392D3357B32}.Debug|Win32.ActiveCfg = Debug|Win32
		{EE84C683-65A3-4321-BBA5-7392D3357B32}.Debug|Win32.Build.0 = Debug|Win32
		{EE84C683-65A3-4321-BBA5-7392D3357B32}.Release|Any CPU.ActiveCfg = Release|Win32
		{EE84C683-65A3-4321-BBA5-7392D3357B32}.Release|Mixed Platforms.ActiveCfg = Release|Win32
		{EE84C683-65A3-4321-BBA5-7392D3357B32}.Release|Mixed Platforms.Build.0 = Release|Win32
		{EE84C683-65A3-4321-BBA5-7392D3357B32}.Release|Win32.ActiveCfg = Release|Win32
		{EE84C683-65A3-4321-BBA5-7392D3357B32}.Release|Win32.Build.0 = Release|Win32
		{6E3E682A-80DE-46E9-9B74-D83D8E3419AD}.Debug|Any CPU.ActiveCfg = Debug|Any CPU
		{6E3E682A-80DE-46E9-9B74-D83D8E3419AD}.Debug|Any CPU.Build.0 = Debug|Any CPU
		{6E3E682A-80DE-46E9-9B74-D83D8E3419AD}.Debug|Mixed Platforms.ActiveCfg = Debug|Any CPU
		{6E3E682A-80DE-46E9-9B74-D83D8E3419AD}.Debug|Mixed Platforms.Build.0 = Debug|Any CPU
		{6E3E682A-80DE-46E9-9B74-D83D8E3419AD}.Debug|Win32.ActiveCfg = Debug|Any CPU
		{6E3E682A-80DE-46E9-9B74-D83D8E3419AD}.Release|Any CPU.ActiveCfg = Release|Any CPU
		{6E3E682A-80DE-46E9-9B74-D83D8E3419AD}.Release|Any CPU.Build.0 = Release|Any CPU
		{6E3E682A-80DE-46E9-9B74-D83D8E3419AD}.Release|Mixed Platforms.ActiveCfg = Release|Any CPU
		{6E3E682A-80DE-46E9-9B74-D83D8E3419AD}.Release|Mixed Platforms.Build.0 = Release|Any CPU
		{6E3E682A-80DE-46E9-9B74-D83D8E3419AD}.Release|Win32.ActiveCfg = Release|Any CPU
	EndGlobalSection
	GlobalSection(SolutionProperties) = preSolution
		HideSolutionNode = FALSE
	EndGlobalSection
EndGlobal
