Microsoft Visual Studio Solution File, Format Version 9.00
# Visual Studio 2005
Project("{8BC9CEB8-8B4A-11D0-8D11-00A0C91BC942}") = "eibstack", "..\eibstack\eibstack.vcproj", "{3560FA24-B555-4408-91F0-77E822A074F0}"
	ProjectSection(WebsiteProperties) = preProject
		Debug.AspNetCompiler.Debug = "True"
		Release.AspNetCompiler.Debug = "False"
	EndProjectSection
EndProject
Project("{8BC9CEB8-8B4A-11D0-8D11-00A0C91BC942}") = "falconstack", "..\falconstack\falconstack.vcproj", "{A4D9F9FB-17AD-4E95-AB30-482C4E8134C5}"
	ProjectSection(WebsiteProperties) = preProject
		Debug.AspNetCompiler.Debug = "True"
		Release.AspNetCompiler.Debug = "False"
	EndProjectSection
EndProject
Project("{8BC9CEB8-8B4A-11D0-8D11-00A0C91BC942}") = "CWDriver", "..\..\Library\CWDriver\CWDriver.vcproj", "{C9960D6E-4A25-4781-BD91-E95AB34AFA79}"
	ProjectSection(WebsiteProperties) = preProject
		Debug.AspNetCompiler.Debug = "True"
		Release.AspNetCompiler.Debug = "False"
	EndProjectSection
EndProject
Project("{8BC9CEB8-8B4A-11D0-8D11-00A0C91BC942}") = "ADT", "..\..\Library\ADT\ADT.vcproj", "{EE84C683-65A3-4321-BBA5-7392D3357B32}"
	ProjectSection(WebsiteProperties) = preProject
		Debug.AspNetCompiler.Debug = "True"
		Release.AspNetCompiler.Debug = "False"
	EndProjectSection
EndProject
Project("{8BC9CEB8-8B4A-11D0-8D11-00A0C91BC942}") = "m2rtl", "..\..\Modula2\m2rtl\m2rtl.vcproj", "{8995D229-D00F-4F29-B235-14249D391D21}"
	ProjectSection(WebsiteProperties) = preProject
		Debug.AspNetCompiler.Debug = "True"
		Release.AspNetCompiler.Debug = "False"
	EndProjectSection
EndProject
Project("{8BC9CEB8-8B4A-11D0-8D11-00A0C91BC942}") = "eibnetstack", "..\eibnetstack\eibnetstack.vcproj", "{2EC1CD71-998F-412B-99FD-5874C227A2A4}"
	ProjectSection(WebsiteProperties) = preProject
		Debug.AspNetCompiler.Debug = "True"
		Release.AspNetCompiler.Debug = "False"
	EndProjectSection
EndProject
Project("{8BC9CEB8-8B4A-11D0-8D11-00A0C91BC942}") = "Network", "..\..\Library\Network\Network.vcproj", "{1E0EB821-155B-4B83-83F7-A0588ED642B1}"
	ProjectSection(WebsiteProperties) = preProject
		Debug.AspNetCompiler.Debug = "True"
		Release.AspNetCompiler.Debug = "False"
	EndProjectSection
EndProject
Project("{8BC9CEB8-8B4A-11D0-8D11-00A0C91BC942}") = "m2ortl", "..\..\Modula2\m2ortl\m2ortl.vcproj", "{332A033A-AF35-4573-83CB-A19E643D5845}"
	ProjectSection(WebsiteProperties) = preProject
		Debug.AspNetCompiler.Debug = "True"
		Release.AspNetCompiler.Debug = "False"
	EndProjectSection
EndProject
Project("{8BC9CEB8-8B4A-11D0-8D11-00A0C91BC942}") = "Threading", "..\..\Library\Threading\Threading.vcproj", "{97C30A53-92E2-4179-B0A0-A740E2FDD762}"
	ProjectSection(WebsiteProperties) = preProject
		Debug.AspNetCompiler.Debug = "True"
		Release.AspNetCompiler.Debug = "False"
	EndProjectSection
EndProject
Project("{8BC9CEB8-8B4A-11D0-8D11-00A0C91BC942}") = "Service", "..\..\Library\Service\Service.vcproj", "{40079731-85CE-4761-B60C-126B8909A7DA}"
	ProjectSection(WebsiteProperties) = preProject
		Debug.AspNetCompiler.Debug = "True"
		Release.AspNetCompiler.Debug = "False"
	EndProjectSection
EndProject
Project("{8BC9CEB8-8B4A-11D0-8D11-00A0C91BC942}") = "Text", "..\..\Library\Text\Text.vcproj", "{6B0CFB37-444C-41F6-A62A-4EEEEDB5968C}"
	ProjectSection(WebsiteProperties) = preProject
		Debug.AspNetCompiler.Debug = "True"
		Release.AspNetCompiler.Debug = "False"
	EndProjectSection
EndProject
Project("{8BC9CEB8-8B4A-11D0-8D11-00A0C91BC942}") = "Registry", "..\..\Library\Registry\Registry.vcproj", "{27C83BBA-C2E0-4D1A-A737-A08BAB232038}"
	ProjectSection(WebsiteProperties) = preProject
		Debug.AspNetCompiler.Debug = "True"
		Release.AspNetCompiler.Debug = "False"
	EndProjectSection
EndProject
Project("{8BC9CEB8-8B4A-11D0-8D11-00A0C91BC942}") = "srvsvc", "..\srvsvc\srvsvc.vcproj", "{ABBD035E-B1B7-4082-BF04-75B7B8E58CB6}"
	ProjectSection(WebsiteProperties) = preProject
		Debug.AspNetCompiler.Debug = "True"
		Release.AspNetCompiler.Debug = "False"
	EndProjectSection
EndProject
Project("{8BC9CEB8-8B4A-11D0-8D11-00A0C91BC942}") = "srvcore", "..\srvcore\srvcore.vcproj", "{B3354F39-423B-4402-9990-4EB6A313D0FC}"
	ProjectSection(WebsiteProperties) = preProject
		Debug.AspNetCompiler.Debug = "True"
		Release.AspNetCompiler.Debug = "False"
	EndProjectSection
EndProject
Project("{8BC9CEB8-8B4A-11D0-8D11-00A0C91BC942}") = "checkcfg", "..\checkcfg\checkcfg.vcproj", "{80BDF909-10EA-43BE-837F-B433DA67FE70}"
	ProjectSection(WebsiteProperties) = preProject
		Debug.AspNetCompiler.Debug = "True"
		Release.AspNetCompiler.Debug = "False"
	EndProjectSection
EndProject
Project("{8BC9CEB8-8B4A-11D0-8D11-00A0C91BC942}") = "eibsrv", "eibsrv.vcproj", "{F8427491-0CFE-48E7-BC17-7F1AE8254B5C}"
	ProjectSection(WebsiteProperties) = preProject
		Debug.AspNetCompiler.Debug = "True"
		Release.AspNetCompiler.Debug = "False"
	EndProjectSection
EndProject
Project("{8BC9CEB8-8B4A-11D0-8D11-00A0C91BC942}") = "discover", "..\discover\discover.vcproj", "{A4E1F8BC-399C-4F82-A5E7-10B3E65B49CB}"
	ProjectSection(WebsiteProperties) = preProject
		Debug.AspNetCompiler.Debug = "True"
		Release.AspNetCompiler.Debug = "False"
	EndProjectSection
EndProject
Project("{8BC9CEB8-8B4A-11D0-8D11-00A0C91BC942}") = "DeviceIO", "..\..\Library\DeviceIO\DeviceIO.vcproj", "{A60809F1-641F-4ED7-9128-C41E7A6A9580}"
	ProjectSection(WebsiteProperties) = preProject
		Debug.AspNetCompiler.Debug = "True"
		Release.AspNetCompiler.Debug = "False"
	EndProjectSection
EndProject
Project("{8BC9CEB8-8B4A-11D0-8D11-00A0C91BC942}") = "HttpSrv", "..\..\Library\HttpSrv\HttpSrv.vcproj", "{65A66F79-2007-4373-A8EB-BBEA905DEC45}"
	ProjectSection(WebsiteProperties) = preProject
		Debug.AspNetCompiler.Debug = "True"
		Release.AspNetCompiler.Debug = "False"
	EndProjectSection
EndProject
Project("{8BC9CEB8-8B4A-11D0-8D11-00A0C91BC942}") = "MVC", "..\..\Library\MVC\MVC.vcproj", "{66A66F79-2007-4373-A8EB-BBEA905DEC45}"
	ProjectSection(WebsiteProperties) = preProject
		Debug.AspNetCompiler.Debug = "True"
		Release.AspNetCompiler.Debug = "False"
	EndProjectSection
EndProject
Project("{8BC9CEB8-8B4A-11D0-8D11-00A0C91BC942}") = "SCMVC", "..\..\Component\scmvc\scmvc.vcproj", "{F7AC131B-AE4C-4E6C-B37D-9C6E408663C5}"
	ProjectSection(WebsiteProperties) = preProject
		Debug.AspNetCompiler.Debug = "True"
		Release.AspNetCompiler.Debug = "False"
	EndProjectSection
EndProject
Project("{8BC9CEB8-8B4A-11D0-8D11-00A0C91BC942}") = "EibSrvWeb", "..\EibSrvWeb\EibSrvWeb.vcproj", "{ABBC035E-B1B7-4082-BF04-75B7B8E58CB6}"
	ProjectSection(WebsiteProperties) = preProject
		Debug.AspNetCompiler.Debug = "True"
		Release.AspNetCompiler.Debug = "False"
	EndProjectSection
EndProject
Project("{8BC9CEB8-8B4A-11D0-8D11-00A0C91BC942}") = "busmon", "..\busmon\busmon.vcproj", "{17512724-C564-49DE-90FB-8A460842E1BD}"
	ProjectSection(WebsiteProperties) = preProject
		Debug.AspNetCompiler.Debug = "True"
		Release.AspNetCompiler.Debug = "False"
	EndProjectSection
EndProject
Project("{8BC9CEB8-8B4A-11D0-8D11-00A0C91BC942}") = "Midea", "..\..\DeviceIO\Midea\Midea.vcproj", "{C6EBA405-7732-4EF4-9C81-D68997E9EE6E}"
	ProjectSection(WebsiteProperties) = preProject
		Debug.AspNetCompiler.Debug = "True"
		Release.AspNetCompiler.Debug = "False"
	EndProjectSection
EndProject
Project("{8BC9CEB8-8B4A-11D0-8D11-00A0C91BC942}") = "StiebelHP", "..\..\DeviceIO\StiebelHP\StiebelHP.vcproj", "{110D6346-F1BD-4EC9-A0CF-E86C8B14EB1B}"
	ProjectSection(WebsiteProperties) = preProject
		Debug.AspNetCompiler.Debug = "True"
		Release.AspNetCompiler.Debug = "False"
	EndProjectSection
EndProject
Project("{8BC9CEB8-8B4A-11D0-8D11-00A0C91BC942}") = "SDAPClient", "..\..\SDAP\SDAPClient\SDAPClient.vcproj", "{3FB750EA-B77D-4F8E-8AD8-F9273B4A329D}"
	ProjectSection(WebsiteProperties) = preProject
		Debug.AspNetCompiler.Debug = "True"
		Release.AspNetCompiler.Debug = "False"
	EndProjectSection
EndProject
Project("{8BC9CEB8-8B4A-11D0-8D11-00A0C91BC942}") = "DeviceIOSDAPBridge", "..\..\SDAP\DeviceIOSDAPBridge\DeviceIOSDAPBridge.vcproj", "{E057E01E-5040-4335-82BD-6CD36A174008}"
	ProjectSection(WebsiteProperties) = preProject
		Debug.AspNetCompiler.Debug = "True"
		Release.AspNetCompiler.Debug = "False"
	EndProjectSection
EndProject
Project("{8BC9CEB8-8B4A-11D0-8D11-00A0C91BC942}") = "DevSDAPBridgeSvc", "..\..\SDAP\DevSDAPBridgeSvc\DevSDAPBridgeSvc.vcproj", "{6FD15983-21B4-472D-B9A6-850EA888DB90}"
	ProjectSection(WebsiteProperties) = preProject
		Debug.AspNetCompiler.Debug = "True"
		Release.AspNetCompiler.Debug = "False"
	EndProjectSection
EndProject
Global
	GlobalSection(TextTemplating) = postSolution
		TextTemplating = 1
	EndGlobalSection
	GlobalSection(SolutionConfigurationPlatforms) = preSolution
		Debug|Any CPU = Debug|Any CPU
		Debug|Mixed Platforms = Debug|Mixed Platforms
		Debug|Win32 = Debug|Win32
		Release|Any CPU = Release|Any CPU
		Release|Mixed Platforms = Release|Mixed Platforms
		Release|Win32 = Release|Win32
	EndGlobalSection
	GlobalSection(ProjectConfigurationPlatforms) = postSolution
		{3560FA24-B555-4408-91F0-77E822A074F0}.Debug|Any CPU.ActiveCfg = Debug|Win32
		{3560FA24-B555-4408-91F0-77E822A074F0}.Debug|Mixed Platforms.ActiveCfg = Debug|Win32
		{3560FA24-B555-4408-91F0-77E822A074F0}.Debug|Mixed Platforms.Build.0 = Debug|Win32
		{3560FA24-B555-4408-91F0-77E822A074F0}.Debug|Win32.ActiveCfg = Debug|Win32
		{3560FA24-B555-4408-91F0-77E822A074F0}.Debug|Win32.Build.0 = Debug|Win32
		{3560FA24-B555-4408-91F0-77E822A074F0}.Release|Any CPU.ActiveCfg = Release|Win32
		{3560FA24-B555-4408-91F0-77E822A074F0}.Release|Mixed Platforms.ActiveCfg = Release|Win32
		{3560FA24-B555-4408-91F0-77E822A074F0}.Release|Mixed Platforms.Build.0 = Release|Win32
		{3560FA24-B555-4408-91F0-77E822A074F0}.Release|Win32.ActiveCfg = Release|Win32
		{3560FA24-B555-4408-91F0-77E822A074F0}.Release|Win32.Build.0 = Release|Win32
		{A4D9F9FB-17AD-4E95-AB30-482C4E8134C5}.Debug|Any CPU.ActiveCfg = Debug|Win32
		{A4D9F9FB-17AD-4E95-AB30-482C4E8134C5}.Debug|Mixed Platforms.ActiveCfg = Debug|Win32
		{A4D9F9FB-17AD-4E95-AB30-482C4E8134C5}.Debug|Mixed Platforms.Build.0 = Debug|Win32
		{A4D9F9FB-17AD-4E95-AB30-482C4E8134C5}.Debug|Win32.ActiveCfg = Debug|Win32
		{A4D9F9FB-17AD-4E95-AB30-482C4E8134C5}.Debug|Win32.Build.0 = Debug|Win32
		{A4D9F9FB-17AD-4E95-AB30-482C4E8134C5}.Release|Any CPU.ActiveCfg = Release|Win32
		{A4D9F9FB-17AD-4E95-AB30-482C4E8134C5}.Release|Mixed Platforms.ActiveCfg = Release|Win32
		{A4D9F9FB-17AD-4E95-AB30-482C4E8134C5}.Release|Mixed Platforms.Build.0 = Release|Win32
		{A4D9F9FB-17AD-4E95-AB30-482C4E8134C5}.Release|Win32.ActiveCfg = Release|Win32
		{A4D9F9FB-17AD-4E95-AB30-482C4E8134C5}.Release|Win32.Build.0 = Release|Win32
		{C9960D6E-4A25-4781-BD91-E95AB34AFA79}.Debug|Any CPU.ActiveCfg = Debug|Win32
		{C9960D6E-4A25-4781-BD91-E95AB34AFA79}.Debug|Mixed Platforms.ActiveCfg = Debug|Win32
		{C9960D6E-4A25-4781-BD91-E95AB34AFA79}.Debug|Mixed Platforms.Build.0 = Debug|Win32
		{C9960D6E-4A25-4781-BD91-E95AB34AFA79}.Debug|Win32.ActiveCfg = Debug|Win32
		{C9960D6E-4A25-4781-BD91-E95AB34AFA79}.Debug|Win32.Build.0 = Debug|Win32
		{C9960D6E-4A25-4781-BD91-E95AB34AFA79}.Release|Any CPU.ActiveCfg = Release|Win32
		{C9960D6E-4A25-4781-BD91-E95AB34AFA79}.Release|Mixed Platforms.ActiveCfg = Release|Win32
		{C9960D6E-4A25-4781-BD91-E95AB34AFA79}.Release|Mixed Platforms.Build.0 = Release|Win32
		{C9960D6E-4A25-4781-BD91-E95AB34AFA79}.Release|Win32.ActiveCfg = Release|Win32
		{C9960D6E-4A25-4781-BD91-E95AB34AFA79}.Release|Win32.Build.0 = Release|Win32
		{EE84C683-65A3-4321-BBA5-7392D3357B32}.Debug|Any CPU.ActiveCfg = Debug|Win32
		{EE84C683-65A3-4321-BBA5-7392D3357B32}.Debug|Mixed Platforms.ActiveCfg = Debug|Win32
		{EE84C683-65A3-4321-BBA5-7392D3357B32}.Debug|Mixed Platforms.Build.0 = Debug|Win32
		{EE84C683-65A3-4321-BBA5-7392D3357B32}.Debug|Win32.ActiveCfg = Debug|Win32
		{EE84C683-65A3-4321-BBA5-7392D3357B32}.Debug|Win32.Build.0 = Debug|Win32
		{EE84C683-65A3-4321-BBA5-7392D3357B32}.Release|Any CPU.ActiveCfg = Release|Win32
		{EE84C683-65A3-4321-BBA5-7392D3357B32}.Release|Mixed Platforms.ActiveCfg = Release|Win32
		{EE84C683-65A3-4321-BBA5-7392D3357B32}.Release|Mixed Platforms.Build.0 = Release|Win32
		{EE84C683-65A3-4321-BBA5-7392D3357B32}.Release|Win32.ActiveCfg = Release|Win32
		{EE84C683-65A3-4321-BBA5-7392D3357B32}.Release|Win32.Build.0 = Release|Win32
		{8995D229-D00F-4F29-B235-14249D391D21}.Debug|Any CPU.ActiveCfg = Debug|Win32
		{8995D229-D00F-4F29-B235-14249D391D21}.Debug|Mixed Platforms.ActiveCfg = Debug|Win32
		{8995D229-D00F-4F29-B235-14249D391D21}.Debug|Mixed Platforms.Build.0 = Debug|Win32
		{8995D229-D00F-4F29-B235-14249D391D21}.Debug|Win32.ActiveCfg = Debug|Win32
		{8995D229-D00F-4F29-B235-14249D391D21}.Debug|Win32.Build.0 = Debug|Win32
		{8995D229-D00F-4F29-B235-14249D391D21}.Release|Any CPU.ActiveCfg = Release|Win32
		{8995D229-D00F-4F29-B235-14249D391D21}.Release|Mixed Platforms.ActiveCfg = Release|Win32
		{8995D229-D00F-4F29-B235-14249D391D21}.Release|Mixed Platforms.Build.0 = Release|Win32
		{8995D229-D00F-4F29-B235-14249D391D21}.Release|Win32.ActiveCfg = Release|Win32
		{8995D229-D00F-4F29-B235-14249D391D21}.Release|Win32.Build.0 = Release|Win32
		{2EC1CD71-998F-412B-99FD-5874C227A2A4}.Debug|Any CPU.ActiveCfg = Debug|Win32
		{2EC1CD71-998F-412B-99FD-5874C227A2A4}.Debug|Mixed Platforms.ActiveCfg = Debug|Win32
		{2EC1CD71-998F-412B-99FD-5874C227A2A4}.Debug|Mixed Platforms.Build.0 = Debug|Win32
		{2EC1CD71-998F-412B-99FD-5874C227A2A4}.Debug|Win32.ActiveCfg = Debug|Win32
		{2EC1CD71-998F-412B-99FD-5874C227A2A4}.Debug|Win32.Build.0 = Debug|Win32
		{2EC1CD71-998F-412B-99FD-5874C227A2A4}.Release|Any CPU.ActiveCfg = Release|Win32
		{2EC1CD71-998F-412B-99FD-5874C227A2A4}.Release|Mixed Platforms.ActiveCfg = Release|Win32
		{2EC1CD71-998F-412B-99FD-5874C227A2A4}.Release|Mixed Platforms.Build.0 = Release|Win32
		{2EC1CD71-998F-412B-99FD-5874C227A2A4}.Release|Win32.ActiveCfg = Release|Win32
		{2EC1CD71-998F-412B-99FD-5874C227A2A4}.Release|Win32.Build.0 = Release|Win32
		{1E0EB821-155B-4B83-83F7-A0588ED642B1}.Debug|Any CPU.ActiveCfg = Debug|Win32
		{1E0EB821-155B-4B83-83F7-A0588ED642B1}.Debug|Mixed Platforms.ActiveCfg = Debug|Win32
		{1E0EB821-155B-4B83-83F7-A0588ED642B1}.Debug|Mixed Platforms.Build.0 = Debug|Win32
		{1E0EB821-155B-4B83-83F7-A0588ED642B1}.Debug|Win32.ActiveCfg = Debug|Win32
		{1E0EB821-155B-4B83-83F7-A0588ED642B1}.Debug|Win32.Build.0 = Debug|Win32
		{1E0EB821-155B-4B83-83F7-A0588ED642B1}.Release|Any CPU.ActiveCfg = Release|Win32
		{1E0EB821-155B-4B83-83F7-A0588ED642B1}.Release|Mixed Platforms.ActiveCfg = Release|Win32
		{1E0EB821-155B-4B83-83F7-A0588ED642B1}.Release|Mixed Platforms.Build.0 = Release|Win32
		{1E0EB821-155B-4B83-83F7-A0588ED642B1}.Release|Win32.ActiveCfg = Release|Win32
		{1E0EB821-155B-4B83-83F7-A0588ED642B1}.Release|Win32.Build.0 = Release|Win32
		{332A033A-AF35-4573-83CB-A19E643D5845}.Debug|Any CPU.ActiveCfg = Debug|Win32
		{332A033A-AF35-4573-83CB-A19E643D5845}.Debug|Mixed Platforms.ActiveCfg = Debug|Win32
		{332A033A-AF35-4573-83CB-A19E643D5845}.Debug|Mixed Platforms.Build.0 = Debug|Win32
		{332A033A-AF35-4573-83CB-A19E643D5845}.Debug|Win32.ActiveCfg = Debug|Win32
		{332A033A-AF35-4573-83CB-A19E643D5845}.Debug|Win32.Build.0 = Debug|Win32
		{332A033A-AF35-4573-83CB-A19E643D5845}.Release|Any CPU.ActiveCfg = Release|Win32
		{332A033A-AF35-4573-83CB-A19E643D5845}.Release|Mixed Platforms.ActiveCfg = Release|Win32
		{332A033A-AF35-4573-83CB-A19E643D5845}.Release|Mixed Platforms.Build.0 = Release|Win32
		{332A033A-AF35-4573-83CB-A19E643D5845}.Release|Win32.ActiveCfg = Release|Win32
		{332A033A-AF35-4573-83CB-A19E643D5845}.Release|Win32.Build.0 = Release|Win32
		{97C30A53-92E2-4179-B0A0-A740E2FDD762}.Debug|Any CPU.ActiveCfg = Debug|Win32
		{97C30A53-92E2-4179-B0A0-A740E2FDD762}.Debug|Mixed Platforms.ActiveCfg = Debug|Win32
		{97C30A53-92E2-4179-B0A0-A740E2FDD762}.Debug|Mixed Platforms.Build.0 = Debug|Win32
		{97C30A53-92E2-4179-B0A0-A740E2FDD762}.Debug|Win32.ActiveCfg = Debug|Win32
		{97C30A53-92E2-4179-B0A0-A740E2FDD762}.Debug|Win32.Build.0 = Debug|Win32
		{97C30A53-92E2-4179-B0A0-A740E2FDD762}.Release|Any CPU.ActiveCfg = Release|Win32
		{97C30A53-92E2-4179-B0A0-A740E2FDD762}.Release|Mixed Platforms.ActiveCfg = Release|Win32
		{97C30A53-92E2-4179-B0A0-A740E2FDD762}.Release|Mixed Platforms.Build.0 = Release|Win32
		{97C30A53-92E2-4179-B0A0-A740E2FDD762}.Release|Win32.ActiveCfg = Release|Win32
		{97C30A53-92E2-4179-B0A0-A740E2FDD762}.Release|Win32.Build.0 = Release|Win32
		{40079731-85CE-4761-B60C-126B8909A7DA}.Debug|Any CPU.ActiveCfg = Debug|Win32
		{40079731-85CE-4761-B60C-126B8909A7DA}.Debug|Mixed Platforms.ActiveCfg = Debug|Win32
		{40079731-85CE-4761-B60C-126B8909A7DA}.Debug|Mixed Platforms.Build.0 = Debug|Win32
		{40079731-85CE-4761-B60C-126B8909A7DA}.Debug|Win32.ActiveCfg = Debug|Win32
		{40079731-85CE-4761-B60C-126B8909A7DA}.Debug|Win32.Build.0 = Debug|Win32
		{40079731-85CE-4761-B60C-126B8909A7DA}.Release|Any CPU.ActiveCfg = Release|Win32
		{40079731-85CE-4761-B60C-126B8909A7DA}.Release|Mixed Platforms.ActiveCfg = Release|Win32
		{40079731-85CE-4761-B60C-126B8909A7DA}.Release|Mixed Platforms.Build.0 = Release|Win32
		{40079731-85CE-4761-B60C-126B8909A7DA}.Release|Win32.ActiveCfg = Release|Win32
		{40079731-85CE-4761-B60C-126B8909A7DA}.Release|Win32.Build.0 = Release|Win32
		{6B0CFB37-444C-41F6-A62A-4EEEEDB5968C}.Debug|Any CPU.ActiveCfg = Debug|Win32
		{6B0CFB37-444C-41F6-A62A-4EEEEDB5968C}.Debug|Mixed Platforms.ActiveCfg = Debug|Win32
		{6B0CFB37-444C-41F6-A62A-4EEEEDB5968C}.Debug|Mixed Platforms.Build.0 = Debug|Win32
		{6B0CFB37-444C-41F6-A62A-4EEEEDB5968C}.Debug|Win32.ActiveCfg = Debug|Win32
		{6B0CFB37-444C-41F6-A62A-4EEEEDB5968C}.Debug|Win32.Build.0 = Debug|Win32
		{6B0CFB37-444C-41F6-A62A-4EEEEDB5968C}.Release|Any CPU.ActiveCfg = Release|Win32
		{6B0CFB37-444C-41F6-A62A-4EEEEDB5968C}.Release|Mixed Platforms.ActiveCfg = Release|Win32
		{6B0CFB37-444C-41F6-A62A-4EEEEDB5968C}.Release|Mixed Platforms.Build.0 = Release|Win32
		{6B0CFB37-444C-41F6-A62A-4EEEEDB5968C}.Release|Win32.ActiveCfg = Release|Win32
		{6B0CFB37-444C-41F6-A62A-4EEEEDB5968C}.Release|Win32.Build.0 = Release|Win32
		{27C83BBA-C2E0-4D1A-A737-A08BAB232038}.Debug|Any CPU.ActiveCfg = Debug|Win32
		{27C83BBA-C2E0-4D1A-A737-A08BAB232038}.Debug|Mixed Platforms.ActiveCfg = Debug|Win32
		{27C83BBA-C2E0-4D1A-A737-A08BAB232038}.Debug|Mixed Platforms.Build.0 = Debug|Win32
		{27C83BBA-C2E0-4D1A-A737-A08BAB232038}.Debug|Win32.ActiveCfg = Debug|Win32
		{27C83BBA-C2E0-4D1A-A737-A08BAB232038}.Debug|Win32.Build.0 = Debug|Win32
		{27C83BBA-C2E0-4D1A-A737-A08BAB232038}.Release|Any CPU.ActiveCfg = Release|Win32
		{27C83BBA-C2E0-4D1A-A737-A08BAB232038}.Release|Mixed Platforms.ActiveCfg = Release|Win32
		{27C83BBA-C2E0-4D1A-A737-A08BAB232038}.Release|Mixed Platforms.Build.0 = Release|Win32
		{27C83BBA-C2E0-4D1A-A737-A08BAB232038}.Release|Win32.ActiveCfg = Release|Win32
		{27C83BBA-C2E0-4D1A-A737-A08BAB232038}.Release|Win32.Build.0 = Release|Win32
		{ABBD035E-B1B7-4082-BF04-75B7B8E58CB6}.Debug|Any CPU.ActiveCfg = Debug|Win32
		{ABBD035E-B1B7-4082-BF04-75B7B8E58CB6}.Debug|Mixed Platforms.ActiveCfg = Debug|Win32
		{ABBD035E-B1B7-4082-BF04-75B7B8E58CB6}.Debug|Mixed Platforms.Build.0 = Debug|Win32
		{ABBD035E-B1B7-4082-BF04-75B7B8E58CB6}.Debug|Win32.ActiveCfg = Debug|Win32
		{ABBD035E-B1B7-4082-BF04-75B7B8E58CB6}.Debug|Win32.Build.0 = Debug|Win32
		{ABBD035E-B1B7-4082-BF04-75B7B8E58CB6}.Release|Any CPU.ActiveCfg = Release|Win32
		{ABBD035E-B1B7-4082-BF04-75B7B8E58CB6}.Release|Mixed Platforms.ActiveCfg = Release|Win32
		{ABBD035E-B1B7-4082-BF04-75B7B8E58CB6}.Release|Mixed Platforms.Build.0 = Release|Win32
		{ABBD035E-B1B7-4082-BF04-75B7B8E58CB6}.Release|Win32.ActiveCfg = Release|Win32
		{ABBD035E-B1B7-4082-BF04-75B7B8E58CB6}.Release|Win32.Build.0 = Release|Win32
		{B3354F39-423B-4402-9990-4EB6A313D0FC}.Debug|Any CPU.ActiveCfg = Debug|Win32
		{B3354F39-423B-4402-9990-4EB6A313D0FC}.Debug|Mixed Platforms.ActiveCfg = Debug|Win32
		{B3354F39-423B-4402-9990-4EB6A313D0FC}.Debug|Mixed Platforms.Build.0 = Debug|Win32
		{B3354F39-423B-4402-9990-4EB6A313D0FC}.Debug|Win32.ActiveCfg = Debug|Win32
		{B3354F39-423B-4402-9990-4EB6A313D0FC}.Debug|Win32.Build.0 = Debug|Win32
		{B3354F39-423B-4402-9990-4EB6A313D0FC}.Release|Any CPU.ActiveCfg = Release|Win32
		{B3354F39-423B-4402-9990-4EB6A313D0FC}.Release|Mixed Platforms.ActiveCfg = Release|Win32
		{B3354F39-423B-4402-9990-4EB6A313D0FC}.Release|Mixed Platforms.Build.0 = Release|Win32
		{B3354F39-423B-4402-9990-4EB6A313D0FC}.Release|Win32.ActiveCfg = Release|Win32
		{B3354F39-423B-4402-9990-4EB6A313D0FC}.Release|Win32.Build.0 = Release|Win32
		{80BDF909-10EA-43BE-837F-B433DA67FE70}.Debug|Any CPU.ActiveCfg = Debug|Win32
		{80BDF909-10EA-43BE-837F-B433DA67FE70}.Debug|Mixed Platforms.ActiveCfg = Debug|Win32
		{80BDF909-10EA-43BE-837F-B433DA67FE70}.Debug|Mixed Platforms.Build.0 = Debug|Win32
		{80BDF909-10EA-43BE-837F-B433DA67FE70}.Debug|Win32.ActiveCfg = Debug|Win32
		{80BDF909-10EA-43BE-837F-B433DA67FE70}.Debug|Win32.Build.0 = Debug|Win32
		{80BDF909-10EA-43BE-837F-B433DA67FE70}.Release|Any CPU.ActiveCfg = Release|Win32
		{80BDF909-10EA-43BE-837F-B433DA67FE70}.Release|Mixed Platforms.ActiveCfg = Release|Win32
		{80BDF909-10EA-43BE-837F-B433DA67FE70}.Release|Mixed Platforms.Build.0 = Release|Win32
		{80BDF909-10EA-43BE-837F-B433DA67FE70}.Release|Win32.ActiveCfg = Release|Win32
		{80BDF909-10EA-43BE-837F-B433DA67FE70}.Release|Win32.Build.0 = Release|Win32
		{F8427491-0CFE-48E7-BC17-7F1AE8254B5C}.Debug|Any CPU.ActiveCfg = Debug|Win32
		{F8427491-0CFE-48E7-BC17-7F1AE8254B5C}.Debug|Mixed Platforms.ActiveCfg = Debug|Win32
		{F8427491-0CFE-48E7-BC17-7F1AE8254B5C}.Debug|Mixed Platforms.Build.0 = Debug|Win32
		{F8427491-0CFE-48E7-BC17-7F1AE8254B5C}.Debug|Win32.ActiveCfg = Debug|Win32
		{F8427491-0CFE-48E7-BC17-7F1AE8254B5C}.Debug|Win32.Build.0 = Debug|Win32
		{F8427491-0CFE-48E7-BC17-7F1AE8254B5C}.Release|Any CPU.ActiveCfg = Release|Win32
		{F8427491-0CFE-48E7-BC17-7F1AE8254B5C}.Release|Mixed Platforms.ActiveCfg = Release|Win32
		{F8427491-0CFE-48E7-BC17-7F1AE8254B5C}.Release|Mixed Platforms.Build.0 = Release|Win32
		{F8427491-0CFE-48E7-BC17-7F1AE8254B5C}.Release|Win32.ActiveCfg = Release|Win32
		{F8427491-0CFE-48E7-BC17-7F1AE8254B5C}.Release|Win32.Build.0 = Release|Win32
		{A4E1F8BC-399C-4F82-A5E7-10B3E65B49CB}.Debug|Any CPU.ActiveCfg = Debug|Win32
		{A4E1F8BC-399C-4F82-A5E7-10B3E65B49CB}.Debug|Mixed Platforms.ActiveCfg = Debug|Win32
		{A4E1F8BC-399C-4F82-A5E7-10B3E65B49CB}.Debug|Mixed Platforms.Build.0 = Debug|Win32
		{A4E1F8BC-399C-4F82-A5E7-10B3E65B49CB}.Debug|Win32.ActiveCfg = Debug|Win32
		{A4E1F8BC-399C-4F82-A5E7-10B3E65B49CB}.Debug|Win32.Build.0 = Debug|Win32
		{A4E1F8BC-399C-4F82-A5E7-10B3E65B49CB}.Release|Any CPU.ActiveCfg = Release|Win32
		{A4E1F8BC-399C-4F82-A5E7-10B3E65B49CB}.Release|Mixed Platforms.ActiveCfg = Release|Win32
		{A4E1F8BC-399C-4F82-A5E7-10B3E65B49CB}.Release|Mixed Platforms.Build.0 = Release|Win32
		{A4E1F8BC-399C-4F82-A5E7-10B3E65B49CB}.Release|Win32.ActiveCfg = Release|Win32
		{A4E1F8BC-399C-4F82-A5E7-10B3E65B49CB}.Release|Win32.Build.0 = Release|Win32
		{A60809F1-641F-4ED7-9128-C41E7A6A9580}.Debug|Any CPU.ActiveCfg = Debug|Win32
		{A60809F1-641F-4ED7-9128-C41E7A6A9580}.Debug|Mixed Platforms.ActiveCfg = Debug|Win32
		{A60809F1-641F-4ED7-9128-C41E7A6A9580}.Debug|Mixed Platforms.Build.0 = Debug|Win32
		{A60809F1-641F-4ED7-9128-C41E7A6A9580}.Debug|Win32.ActiveCfg = Debug|Win32
		{A60809F1-641F-4ED7-9128-C41E7A6A9580}.Debug|Win32.Build.0 = Debug|Win32
		{A60809F1-641F-4ED7-9128-C41E7A6A9580}.Release|Any CPU.ActiveCfg = Release|Win32
		{A60809F1-641F-4ED7-9128-C41E7A6A9580}.Release|Mixed Platforms.ActiveCfg = Release|Win32
		{A60809F1-641F-4ED7-9128-C41E7A6A9580}.Release|Mixed Platforms.Build.0 = Release|Win32
		{A60809F1-641F-4ED7-9128-C41E7A6A9580}.Release|Win32.ActiveCfg = Release|Win32
		{A60809F1-641F-4ED7-9128-C41E7A6A9580}.Release|Win32.Build.0 = Release|Win32
		{65A66F79-2007-4373-A8EB-BBEA905DEC45}.Debug|Any CPU.ActiveCfg = Debug|Win32
		{65A66F79-2007-4373-A8EB-BBEA905DEC45}.Debug|Mixed Platforms.ActiveCfg = Debug|Win32
		{65A66F79-2007-4373-A8EB-BBEA905DEC45}.Debug|Mixed Platforms.Build.0 = Debug|Win32
		{65A66F79-2007-4373-A8EB-BBEA905DEC45}.Debug|Win32.ActiveCfg = Debug|Win32
		{65A66F79-2007-4373-A8EB-BBEA905DEC45}.Debug|Win32.Build.0 = Debug|Win32
		{65A66F79-2007-4373-A8EB-BBEA905DEC45}.Release|Any CPU.ActiveCfg = Release|Win32
		{65A66F79-2007-4373-A8EB-BBEA905DEC45}.Release|Mixed Platforms.ActiveCfg = Release|Win32
		{65A66F79-2007-4373-A8EB-BBEA905DEC45}.Release|Mixed Platforms.Build.0 = Release|Win32
		{65A66F79-2007-4373-A8EB-BBEA905DEC45}.Release|Win32.ActiveCfg = Release|Win32
		{65A66F79-2007-4373-A8EB-BBEA905DEC45}.Release|Win32.Build.0 = Release|Win32
		{66A66F79-2007-4373-A8EB-BBEA905DEC45}.Debug|Any CPU.ActiveCfg = Debug|Win32
		{66A66F79-2007-4373-A8EB-BBEA905DEC45}.Debug|Mixed Platforms.ActiveCfg = Debug|Win32
		{66A66F79-2007-4373-A8EB-BBEA905DEC45}.Debug|Mixed Platforms.Build.0 = Debug|Win32
		{66A66F79-2007-4373-A8EB-BBEA905DEC45}.Debug|Win32.ActiveCfg = Debug|Win32
		{66A66F79-2007-4373-A8EB-BBEA905DEC45}.Debug|Win32.Build.0 = Debug|Win32
		{66A66F79-2007-4373-A8EB-BBEA905DEC45}.Release|Any CPU.ActiveCfg = Release|Win32
		{66A66F79-2007-4373-A8EB-BBEA905DEC45}.Release|Mixed Platforms.ActiveCfg = Release|Win32
		{66A66F79-2007-4373-A8EB-BBEA905DEC45}.Release|Mixed Platforms.Build.0 = Release|Win32
		{66A66F79-2007-4373-A8EB-BBEA905DEC45}.Release|Win32.ActiveCfg = Release|Win32
		{66A66F79-2007-4373-A8EB-BBEA905DEC45}.Release|Win32.Build.0 = Release|Win32
		{F7AC131B-AE4C-4E6C-B37D-9C6E408663C5}.Debug|Any CPU.ActiveCfg = Debug|Win32
		{F7AC131B-AE4C-4E6C-B37D-9C6E408663C5}.Debug|Mixed Platforms.ActiveCfg = Debug|Win32
		{F7AC131B-AE4C-4E6C-B37D-9C6E408663C5}.Debug|Mixed Platforms.Build.0 = Debug|Win32
		{F7AC131B-AE4C-4E6C-B37D-9C6E408663C5}.Debug|Win32.ActiveCfg = Debug|Win32
		{F7AC131B-AE4C-4E6C-B37D-9C6E408663C5}.Debug|Win32.Build.0 = Debug|Win32
		{F7AC131B-AE4C-4E6C-B37D-9C6E408663C5}.Release|Any CPU.ActiveCfg = Release|Win32
		{F7AC131B-AE4C-4E6C-B37D-9C6E408663C5}.Release|Mixed Platforms.ActiveCfg = Release|Win32
		{F7AC131B-AE4C-4E6C-B37D-9C6E408663C5}.Release|Mixed Platforms.Build.0 = Release|Win32
		{F7AC131B-AE4C-4E6C-B37D-9C6E408663C5}.Release|Win32.ActiveCfg = Release|Win32
		{F7AC131B-AE4C-4E6C-B37D-9C6E408663C5}.Release|Win32.Build.0 = Release|Win32
		{ABBC035E-B1B7-4082-BF04-75B7B8E58CB6}.Debug|Any CPU.ActiveCfg = Debug|Win32
		{ABBC035E-B1B7-4082-BF04-75B7B8E58CB6}.Debug|Mixed Platforms.ActiveCfg = Debug|Win32
		{ABBC035E-B1B7-4082-BF04-75B7B8E58CB6}.Debug|Mixed Platforms.Build.0 = Debug|Win32
		{ABBC035E-B1B7-4082-BF04-75B7B8E58CB6}.Debug|Win32.ActiveCfg = Debug|Win32
		{ABBC035E-B1B7-4082-BF04-75B7B8E58CB6}.Debug|Win32.Build.0 = Debug|Win32
		{ABBC035E-B1B7-4082-BF04-75B7B8E58CB6}.Release|Any CPU.ActiveCfg = Release|Win32
		{ABBC035E-B1B7-4082-BF04-75B7B8E58CB6}.Release|Mixed Platforms.ActiveCfg = Release|Win32
		{ABBC035E-B1B7-4082-BF04-75B7B8E58CB6}.Release|Mixed Platforms.Build.0 = Release|Win32
		{ABBC035E-B1B7-4082-BF04-75B7B8E58CB6}.Release|Win32.ActiveCfg = Release|Win32
		{ABBC035E-B1B7-4082-BF04-75B7B8E58CB6}.Release|Win32.Build.0 = Release|Win32
		{17512724-C564-49DE-90FB-8A460842E1BD}.Debug|Any CPU.ActiveCfg = Debug|Win32
		{17512724-C564-49DE-90FB-8A460842E1BD}.Debug|Mixed Platforms.ActiveCfg = Debug|Win32
		{17512724-C564-49DE-90FB-8A460842E1BD}.Debug|Mixed Platforms.Build.0 = Debug|Win32
		{17512724-C564-49DE-90FB-8A460842E1BD}.Debug|Win32.ActiveCfg = Debug|Win32
		{17512724-C564-49DE-90FB-8A460842E1BD}.Debug|Win32.Build.0 = Debug|Win32
		{17512724-C564-49DE-90FB-8A460842E1BD}.Release|Any CPU.ActiveCfg = Release|Win32
		{17512724-C564-49DE-90FB-8A460842E1BD}.Release|Mixed Platforms.ActiveCfg = Release|Win32
		{17512724-C564-49DE-90FB-8A460842E1BD}.Release|Mixed Platforms.Build.0 = Release|Win32
		{17512724-C564-49DE-90FB-8A460842E1BD}.Release|Win32.ActiveCfg = Release|Win32
		{17512724-C564-49DE-90FB-8A460842E1BD}.Release|Win32.Build.0 = Release|Win32
		{C6EBA405-7732-4EF4-9C81-D68997E9EE6E}.Debug|Any CPU.ActiveCfg = Debug|Win32
		{C6EBA405-7732-4EF4-9C81-D68997E9EE6E}.Debug|Mixed Platforms.ActiveCfg = Debug|Win32
		{C6EBA405-7732-4EF4-9C81-D68997E9EE6E}.Debug|Mixed Platforms.Build.0 = Debug|Win32
		{C6EBA405-7732-4EF4-9C81-D68997E9EE6E}.Debug|Win32.ActiveCfg = Debug|Win32
		{C6EBA405-7732-4EF4-9C81-D68997E9EE6E}.Debug|Win32.Build.0 = Debug|Win32
		{C6EBA405-7732-4EF4-9C81-D68997E9EE6E}.Release|Any CPU.ActiveCfg = Release|Win32
		{C6EBA405-7732-4EF4-9C81-D68997E9EE6E}.Release|Mixed Platforms.ActiveCfg = Release|Win32
		{C6EBA405-7732-4EF4-9C81-D68997E9EE6E}.Release|Mixed Platforms.Build.0 = Release|Win32
		{C6EBA405-7732-4EF4-9C81-D68997E9EE6E}.Release|Win32.ActiveCfg = Release|Win32
		{C6EBA405-7732-4EF4-9C81-D68997E9EE6E}.Release|Win32.Build.0 = Release|Win32
		{110D6346-F1BD-4EC9-A0CF-E86C8B14EB1B}.Debug|Any CPU.ActiveCfg = Debug|Win32
		{110D6346-F1BD-4EC9-A0CF-E86C8B14EB1B}.Debug|Mixed Platforms.ActiveCfg = Debug|Win32
		{110D6346-F1BD-4EC9-A0CF-E86C8B14EB1B}.Debug|Mixed Platforms.Build.0 = Debug|Win32
		{110D6346-F1BD-4EC9-A0CF-E86C8B14EB1B}.Debug|Win32.ActiveCfg = Debug|Win32
		{110D6346-F1BD-4EC9-A0CF-E86C8B14EB1B}.Debug|Win32.Build.0 = Debug|Win32
		{110D6346-F1BD-4EC9-A0CF-E86C8B14EB1B}.Release|Any CPU.ActiveCfg = Release|Win32
		{110D6346-F1BD-4EC9-A0CF-E86C8B14EB1B}.Release|Mixed Platforms.ActiveCfg = Release|Win32
		{110D6346-F1BD-4EC9-A0CF-E86C8B14EB1B}.Release|Mixed Platforms.Build.0 = Release|Win32
		{110D6346-F1BD-4EC9-A0CF-E86C8B14EB1B}.Release|Win32.ActiveCfg = Release|Win32
		{110D6346-F1BD-4EC9-A0CF-E86C8B14EB1B}.Release|Win32.Build.0 = Release|Win32
		{3FB750EA-B77D-4F8E-8AD8-F9273B4A329D}.Debug|Any CPU.ActiveCfg = Debug|Win32
		{3FB750EA-B77D-4F8E-8AD8-F9273B4A329D}.Debug|Mixed Platforms.ActiveCfg = Debug|Win32
		{3FB750EA-B77D-4F8E-8AD8-F9273B4A329D}.Debug|Mixed Platforms.Build.0 = Debug|Win32
		{3FB750EA-B77D-4F8E-8AD8-F9273B4A329D}.Debug|Win32.ActiveCfg = Debug|Win32
		{3FB750EA-B77D-4F8E-8AD8-F9273B4A329D}.Debug|Win32.Build.0 = Debug|Win32
		{3FB750EA-B77D-4F8E-8AD8-F9273B4A329D}.Release|Any CPU.ActiveCfg = Release|Win32
		{3FB750EA-B77D-4F8E-8AD8-F9273B4A329D}.Release|Mixed Platforms.ActiveCfg = Release|Win32
		{3FB750EA-B77D-4F8E-8AD8-F9273B4A329D}.Release|Mixed Platforms.Build.0 = Release|Win32
		{3FB750EA-B77D-4F8E-8AD8-F9273B4A329D}.Release|Win32.ActiveCfg = Release|Win32
		{3FB750EA-B77D-4F8E-8AD8-F9273B4A329D}.Release|Win32.Build.0 = Release|Win32
		{E057E01E-5040-4335-82BD-6CD36A174008}.Debug|Any CPU.ActiveCfg = Debug|Win32
		{E057E01E-5040-4335-82BD-6CD36A174008}.Debug|Mixed Platforms.ActiveCfg = Debug|Win32
		{E057E01E-5040-4335-82BD-6CD36A174008}.Debug|Mixed Platforms.Build.0 = Debug|Win32
		{E057E01E-5040-4335-82BD-6CD36A174008}.Debug|Win32.ActiveCfg = Debug|Win32
		{E057E01E-5040-4335-82BD-6CD36A174008}.Debug|Win32.Build.0 = Debug|Win32
		{E057E01E-5040-4335-82BD-6CD36A174008}.Release|Any CPU.ActiveCfg = Release|Win32
		{E057E01E-5040-4335-82BD-6CD36A174008}.Release|Mixed Platforms.ActiveCfg = Release|Win32
		{E057E01E-5040-4335-82BD-6CD36A174008}.Release|Mixed Platforms.Build.0 = Release|Win32
		{E057E01E-5040-4335-82BD-6CD36A174008}.Release|Win32.ActiveCfg = Release|Win32
		{E057E01E-5040-4335-82BD-6CD36A174008}.Release|Win32.Build.0 = Release|Win32
		{6FD15983-21B4-472D-B9A6-850EA888DB90}.Debug|Any CPU.ActiveCfg = Debug|Win32
		{6FD15983-21B4-472D-B9A6-850EA888DB90}.Debug|Mixed Platforms.ActiveCfg = Debug|Win32
		{6FD15983-21B4-472D-B9A6-850EA888DB90}.Debug|Mixed Platforms.Build.0 = Debug|Win32
		{6FD15983-21B4-472D-B9A6-850EA888DB90}.Debug|Win32.ActiveCfg = Debug|Win32
		{6FD15983-21B4-472D-B9A6-850EA888DB90}.Debug|Win32.Build.0 = Debug|Win32
		{6FD15983-21B4-472D-B9A6-850EA888DB90}.Release|Any CPU.ActiveCfg = Release|Win32
		{6FD15983-21B4-472D-B9A6-850EA888DB90}.Release|Mixed Platforms.ActiveCfg = Release|Win32
		{6FD15983-21B4-472D-B9A6-850EA888DB90}.Release|Mixed Platforms.Build.0 = Release|Win32
		{6FD15983-21B4-472D-B9A6-850EA888DB90}.Release|Win32.ActiveCfg = Release|Win32
		{6FD15983-21B4-472D-B9A6-850EA888DB90}.Release|Win32.Build.0 = Release|Win32
	EndGlobalSection
	GlobalSection(SolutionProperties) = preSolution
		HideSolutionNode = FALSE
	EndGlobalSection
EndGlobal
